
Microsoft Visual Studio Solution File, Format Version 12.00
# Visual Studio Version 17
VisualStudioVersion = 17.3.32922.545
MinimumVisualStudioVersion = 10.0.40219.1
Project("{FAE04EC0-301F-11D3-BF4B-00C04F79EFBC}") = "NZWalks", "NZWalks\NZWalks.csproj", "{A65BB5B8-0FAC-409C-B712-AF73E62E63D4}"
EndProject
Global
	GlobalSection(SolutionConfigurationPlatforms) = preSolution
		Debug|Any CPU = Debug|Any CPU
		Release|Any CPU = Release|Any CPU
	EndGlobalSection
	GlobalSection(ProjectConfigurationPlatforms) = postSolution
		{A65BB5B8-0FAC-409C-B712-AF73E62E63D4}.Debug|Any CPU.ActiveCfg = Debug|Any CPU
		{A65BB5B8-0FAC-409C-B712-AF73E62E63D4}.Debug|Any CPU.Build.0 = Debug|Any CPU
		{A65BB5B8-0FAC-409C-B712-AF73E62E63D4}.Release|Any CPU.ActiveCfg = Release|Any CPU
		{A65BB5B8-0FAC-409C-B712-AF73E62E63D4}.Release|Any CPU.Build.0 = Release|Any CPU
	EndGlobalSection
	GlobalSection(SolutionProperties) = preSolution
		HideSolutionNode = FALSE
	EndGlobalSection
	GlobalSection(ExtensibilityGlobals) = postSolution
		SolutionGuid = {49A1F246-59EF-4DC5-AC4B-BF264050A146}
	EndGlobalSection
EndGlobal
